
Microsoft Visual Studio Solution File, Format Version 12.00
# Visual Studio 2012
Project("{FAE04EC0-301F-11D3-BF4B-00C04F79EFBC}") = "UWIC.FinalProject.WebBrowser", "UWIC.FinalProject.WebBrowser\UWIC.FinalProject.WebBrowser.csproj", "{0F375137-C4E9-49D0-ACA6-65DF55079A94}"
EndProject
Global
	GlobalSection(SolutionConfigurationPlatforms) = preSolution
		Debug|Any CPU = Debug|Any CPU
		Release|Any CPU = Release|Any CPU
	EndGlobalSection
	GlobalSection(ProjectConfigurationPlatforms) = postSolution
		{0F375137-C4E9-49D0-ACA6-65DF55079A94}.Debug|Any CPU.ActiveCfg = Debug|Any CPU
		{0F375137-C4E9-49D0-ACA6-65DF55079A94}.Debug|Any CPU.Build.0 = Debug|Any CPU
		{0F375137-C4E9-49D0-ACA6-65DF55079A94}.Release|Any CPU.ActiveCfg = Release|Any CPU
		{0F375137-C4E9-49D0-ACA6-65DF55079A94}.Release|Any CPU.Build.0 = Release|Any CPU
	EndGlobalSection
	GlobalSection(SolutionProperties) = preSolution
		HideSolutionNode = FALSE
	EndGlobalSection
EndGlobal
